
Microsoft Visual Studio Solution File, Format Version 12.00
# Visual Studio 2012
Project("{FAE04EC0-301F-11D3-BF4B-00C04F79EFBC}") = "SixDegrees.Web", "SixDegrees.Web\SixDegrees.Web.csproj", "{EC721690-767B-4A35-841F-CE6EF949C2CC}"
EndProject
Project("{FAE04EC0-301F-11D3-BF4B-00C04F79EFBC}") = "SixDegrees.Tests", "SixDegrees.Tests\SixDegrees.Tests.csproj", "{9E8DDC57-D0ED-4440-81B0-F69E84803CD8}"
EndProject
Global
	GlobalSection(SolutionConfigurationPlatforms) = preSolution
		Debug|Any CPU = Debug|Any CPU
		Release|Any CPU = Release|Any CPU
	EndGlobalSection
	GlobalSection(ProjectConfigurationPlatforms) = postSolution
		{EC721690-767B-4A35-841F-CE6EF949C2CC}.Debug|Any CPU.ActiveCfg = Debug|Any CPU
		{EC721690-767B-4A35-841F-CE6EF949C2CC}.Debug|Any CPU.Build.0 = Debug|Any CPU
		{EC721690-767B-4A35-841F-CE6EF949C2CC}.Release|Any CPU.ActiveCfg = Release|Any CPU
		{EC721690-767B-4A35-841F-CE6EF949C2CC}.Release|Any CPU.Build.0 = Release|Any CPU
		{9E8DDC57-D0ED-4440-81B0-F69E84803CD8}.Debug|Any CPU.ActiveCfg = Debug|Any CPU
		{9E8DDC57-D0ED-4440-81B0-F69E84803CD8}.Debug|Any CPU.Build.0 = Debug|Any CPU
		{9E8DDC57-D0ED-4440-81B0-F69E84803CD8}.Release|Any CPU.ActiveCfg = Release|Any CPU
		{9E8DDC57-D0ED-4440-81B0-F69E84803CD8}.Release|Any CPU.Build.0 = Release|Any CPU
	EndGlobalSection
	GlobalSection(SolutionProperties) = preSolution
		HideSolutionNode = FALSE
	EndGlobalSection
EndGlobal
